
Microsoft Visual Studio Solution File, Format Version 12.00
# Visual Studio Version 16
VisualStudioVersion = 16.0.30611.23
MinimumVisualStudioVersion = 10.0.40219.1
Project("{FAE04EC0-301F-11D3-BF4B-00C04F79EFBC}") = "FInalProject1", "FInalProject1\FInalProject1.csproj", "{0502CBC4-E7A2-462B-9E6C-BF8DA5BF752E}"
EndProject
Global
	GlobalSection(SolutionConfigurationPlatforms) = preSolution
		Debug|Any CPU = Debug|Any CPU
		Release|Any CPU = Release|Any CPU
	EndGlobalSection
	GlobalSection(ProjectConfigurationPlatforms) = postSolution
		{0502CBC4-E7A2-462B-9E6C-BF8DA5BF752E}.Debug|Any CPU.ActiveCfg = Debug|Any CPU
		{0502CBC4-E7A2-462B-9E6C-BF8DA5BF752E}.Debug|Any CPU.Build.0 = Debug|Any CPU
		{0502CBC4-E7A2-462B-9E6C-BF8DA5BF752E}.Release|Any CPU.ActiveCfg = Release|Any CPU
		{0502CBC4-E7A2-462B-9E6C-BF8DA5BF752E}.Release|Any CPU.Build.0 = Release|Any CPU
	EndGlobalSection
	GlobalSection(SolutionProperties) = preSolution
		HideSolutionNode = FALSE
	EndGlobalSection
	GlobalSection(ExtensibilityGlobals) = postSolution
		SolutionGuid = {B871BB9E-0C25-49A0-A7BE-E51E0C7C4237}
	EndGlobalSection
EndGlobal
