
Microsoft Visual Studio Solution File, Format Version 12.00
# Visual Studio Version 16
VisualStudioVersion = 16.0.30621.155
MinimumVisualStudioVersion = 10.0.40219.1
Project("{FAE04EC0-301F-11D3-BF4B-00C04F79EFBC}") = "George_Dermentzis_Assignment_2", "George_Dermentzis_Assignment_2\George_Dermentzis_Assignment_2.csproj", "{FCB4DCAC-BDC4-4514-ADA9-22C7BD0EBE07}"
EndProject
Global
	GlobalSection(SolutionConfigurationPlatforms) = preSolution
		Debug|Any CPU = Debug|Any CPU
		Release|Any CPU = Release|Any CPU
	EndGlobalSection
	GlobalSection(ProjectConfigurationPlatforms) = postSolution
		{FCB4DCAC-BDC4-4514-ADA9-22C7BD0EBE07}.Debug|Any CPU.ActiveCfg = Debug|Any CPU
		{FCB4DCAC-BDC4-4514-ADA9-22C7BD0EBE07}.Debug|Any CPU.Build.0 = Debug|Any CPU
		{FCB4DCAC-BDC4-4514-ADA9-22C7BD0EBE07}.Release|Any CPU.ActiveCfg = Release|Any CPU
		{FCB4DCAC-BDC4-4514-ADA9-22C7BD0EBE07}.Release|Any CPU.Build.0 = Release|Any CPU
	EndGlobalSection
	GlobalSection(SolutionProperties) = preSolution
		HideSolutionNode = FALSE
	EndGlobalSection
	GlobalSection(ExtensibilityGlobals) = postSolution
		SolutionGuid = {03A9C915-3D54-472F-AC1F-CF624A93D112}
	EndGlobalSection
EndGlobal
