
Microsoft Visual Studio Solution File, Format Version 12.00
# Visual Studio Version 16
VisualStudioVersion = 16.0.30225.117
MinimumVisualStudioVersion = 10.0.40219.1
Project("{FAE04EC0-301F-11D3-BF4B-00C04F79EFBC}") = "IndividualProject", "IndividualProject\IndividualProject.csproj", "{8CB71B9B-873B-4030-AD27-3EDAEB4AC9EE}"
EndProject
Project("{FAE04EC0-301F-11D3-BF4B-00C04F79EFBC}") = "TestProjectA", "TestProjectA\TestProjectA.csproj", "{12B887CC-2B76-4397-B639-90FBC65150CC}"
EndProject
Global
	GlobalSection(SolutionConfigurationPlatforms) = preSolution
		Debug|Any CPU = Debug|Any CPU
		Release|Any CPU = Release|Any CPU
	EndGlobalSection
	GlobalSection(ProjectConfigurationPlatforms) = postSolution
		{8CB71B9B-873B-4030-AD27-3EDAEB4AC9EE}.Debug|Any CPU.ActiveCfg = Debug|Any CPU
		{8CB71B9B-873B-4030-AD27-3EDAEB4AC9EE}.Debug|Any CPU.Build.0 = Debug|Any CPU
		{8CB71B9B-873B-4030-AD27-3EDAEB4AC9EE}.Release|Any CPU.ActiveCfg = Release|Any CPU
		{8CB71B9B-873B-4030-AD27-3EDAEB4AC9EE}.Release|Any CPU.Build.0 = Release|Any CPU
		{12B887CC-2B76-4397-B639-90FBC65150CC}.Debug|Any CPU.ActiveCfg = Debug|Any CPU
		{12B887CC-2B76-4397-B639-90FBC65150CC}.Debug|Any CPU.Build.0 = Debug|Any CPU
		{12B887CC-2B76-4397-B639-90FBC65150CC}.Release|Any CPU.ActiveCfg = Release|Any CPU
		{12B887CC-2B76-4397-B639-90FBC65150CC}.Release|Any CPU.Build.0 = Release|Any CPU
	EndGlobalSection
	GlobalSection(SolutionProperties) = preSolution
		HideSolutionNode = FALSE
	EndGlobalSection
	GlobalSection(ExtensibilityGlobals) = postSolution
		SolutionGuid = {E56CA656-27B9-425A-A7F0-D7C7028974BF}
	EndGlobalSection
EndGlobal
