
Microsoft Visual Studio Solution File, Format Version 12.00
# Visual Studio Version 16
VisualStudioVersion = 16.0.30320.27
MinimumVisualStudioVersion = 10.0.40219.1
Project("{FAE04EC0-301F-11D3-BF4B-00C04F79EFBC}") = "Exercise28.7", "Exercise28.7\Exercise28.7.csproj", "{CC1B32CE-6379-4878-97B0-77E5DC6B031C}"
EndProject
Global
	GlobalSection(SolutionConfigurationPlatforms) = preSolution
		Debug|Any CPU = Debug|Any CPU
		Release|Any CPU = Release|Any CPU
	EndGlobalSection
	GlobalSection(ProjectConfigurationPlatforms) = postSolution
		{CC1B32CE-6379-4878-97B0-77E5DC6B031C}.Debug|Any CPU.ActiveCfg = Debug|Any CPU
		{CC1B32CE-6379-4878-97B0-77E5DC6B031C}.Debug|Any CPU.Build.0 = Debug|Any CPU
		{CC1B32CE-6379-4878-97B0-77E5DC6B031C}.Release|Any CPU.ActiveCfg = Release|Any CPU
		{CC1B32CE-6379-4878-97B0-77E5DC6B031C}.Release|Any CPU.Build.0 = Release|Any CPU
	EndGlobalSection
	GlobalSection(SolutionProperties) = preSolution
		HideSolutionNode = FALSE
	EndGlobalSection
	GlobalSection(ExtensibilityGlobals) = postSolution
		SolutionGuid = {7CF3721E-295E-4414-96B6-7DACB0F7C3A4}
	EndGlobalSection
EndGlobal
