
Microsoft Visual Studio Solution File, Format Version 12.00
# Visual Studio Version 16
VisualStudioVersion = 16.0.30907.101
MinimumVisualStudioVersion = 10.0.40219.1
Project("{FAE04EC0-301F-11D3-BF4B-00C04F79EFBC}") = "Individual_Project_Part_A", "Individual_Project_Part_A\Individual_Project_Part_A.csproj", "{6A1AAADD-5FE6-4EE3-89CB-C2B247178BCA}"
EndProject
Global
	GlobalSection(SolutionConfigurationPlatforms) = preSolution
		Debug|Any CPU = Debug|Any CPU
		Release|Any CPU = Release|Any CPU
	EndGlobalSection
	GlobalSection(ProjectConfigurationPlatforms) = postSolution
		{6A1AAADD-5FE6-4EE3-89CB-C2B247178BCA}.Debug|Any CPU.ActiveCfg = Debug|Any CPU
		{6A1AAADD-5FE6-4EE3-89CB-C2B247178BCA}.Debug|Any CPU.Build.0 = Debug|Any CPU
		{6A1AAADD-5FE6-4EE3-89CB-C2B247178BCA}.Release|Any CPU.ActiveCfg = Release|Any CPU
		{6A1AAADD-5FE6-4EE3-89CB-C2B247178BCA}.Release|Any CPU.Build.0 = Release|Any CPU
	EndGlobalSection
	GlobalSection(SolutionProperties) = preSolution
		HideSolutionNode = FALSE
	EndGlobalSection
	GlobalSection(ExtensibilityGlobals) = postSolution
		SolutionGuid = {359DE59B-0509-4A6C-9868-CF996D02DDFB}
	EndGlobalSection
EndGlobal
